
Microsoft Visual Studio Solution File, Format Version 12.00
# Visual Studio 15
VisualStudioVersion = 15.0.27703.2042
MinimumVisualStudioVersion = 10.0.40219.1
Project("{FAE04EC0-301F-11D3-BF4B-00C04F79EFBC}") = "CommonValidations", "CommonValidations\CommonValidations.csproj", "{9C927F5F-F987-4B77-913D-B8F2B3DC70BC}"
EndProject
Project("{FAE04EC0-301F-11D3-BF4B-00C04F79EFBC}") = "ConsoleQuickTests", "ConsoleQuickTests\ConsoleQuickTests.csproj", "{A056717A-03EB-470D-A95E-88228157F62D}"
EndProject
Project("{FAE04EC0-301F-11D3-BF4B-00C04F79EFBC}") = "CommonValidationsTests", "CommonValidationsTests\CommonValidationsTests.csproj", "{4C1AF856-E854-47A5-A2B7-AE8BDD9BF0DC}"
EndProject
Global
	GlobalSection(SolutionConfigurationPlatforms) = preSolution
		Debug|Any CPU = Debug|Any CPU
		Release|Any CPU = Release|Any CPU
	EndGlobalSection
	GlobalSection(ProjectConfigurationPlatforms) = postSolution
		{9C927F5F-F987-4B77-913D-B8F2B3DC70BC}.Debug|Any CPU.ActiveCfg = Debug|Any CPU
		{9C927F5F-F987-4B77-913D-B8F2B3DC70BC}.Debug|Any CPU.Build.0 = Debug|Any CPU
		{9C927F5F-F987-4B77-913D-B8F2B3DC70BC}.Release|Any CPU.ActiveCfg = Release|Any CPU
		{9C927F5F-F987-4B77-913D-B8F2B3DC70BC}.Release|Any CPU.Build.0 = Release|Any CPU
		{A056717A-03EB-470D-A95E-88228157F62D}.Debug|Any CPU.ActiveCfg = Debug|Any CPU
		{A056717A-03EB-470D-A95E-88228157F62D}.Debug|Any CPU.Build.0 = Debug|Any CPU
		{A056717A-03EB-470D-A95E-88228157F62D}.Release|Any CPU.ActiveCfg = Release|Any CPU
		{A056717A-03EB-470D-A95E-88228157F62D}.Release|Any CPU.Build.0 = Release|Any CPU
		{4C1AF856-E854-47A5-A2B7-AE8BDD9BF0DC}.Debug|Any CPU.ActiveCfg = Debug|Any CPU
		{4C1AF856-E854-47A5-A2B7-AE8BDD9BF0DC}.Debug|Any CPU.Build.0 = Debug|Any CPU
		{4C1AF856-E854-47A5-A2B7-AE8BDD9BF0DC}.Release|Any CPU.ActiveCfg = Release|Any CPU
		{4C1AF856-E854-47A5-A2B7-AE8BDD9BF0DC}.Release|Any CPU.Build.0 = Release|Any CPU
	EndGlobalSection
	GlobalSection(SolutionProperties) = preSolution
		HideSolutionNode = FALSE
	EndGlobalSection
	GlobalSection(ExtensibilityGlobals) = postSolution
		SolutionGuid = {A09997BF-6F37-43EA-B8AF-144E90937883}
	EndGlobalSection
EndGlobal
